
Microsoft Visual Studio Solution File, Format Version 12.00
# Visual Studio Version 17
VisualStudioVersion = 17.8.34330.188
MinimumVisualStudioVersion = 10.0.40219.1
Project("{FAE04EC0-301F-11D3-BF4B-00C04F79EFBC}") = "BookReader", "BookReader\BookReader.csproj", "{E03ABD6A-29D1-445A-99C5-6F571F48A64D}"
EndProject
Global
	GlobalSection(SolutionConfigurationPlatforms) = preSolution
		Debug|Any CPU = Debug|Any CPU
		Release|Any CPU = Release|Any CPU
	EndGlobalSection
	GlobalSection(ProjectConfigurationPlatforms) = postSolution
		{E03ABD6A-29D1-445A-99C5-6F571F48A64D}.Debug|Any CPU.ActiveCfg = Debug|Any CPU
		{E03ABD6A-29D1-445A-99C5-6F571F48A64D}.Debug|Any CPU.Build.0 = Debug|Any CPU
		{E03ABD6A-29D1-445A-99C5-6F571F48A64D}.Debug|Any CPU.Deploy.0 = Debug|Any CPU
		{E03ABD6A-29D1-445A-99C5-6F571F48A64D}.Release|Any CPU.ActiveCfg = Release|Any CPU
		{E03ABD6A-29D1-445A-99C5-6F571F48A64D}.Release|Any CPU.Build.0 = Release|Any CPU
		{E03ABD6A-29D1-445A-99C5-6F571F48A64D}.Release|Any CPU.Deploy.0 = Release|Any CPU
	EndGlobalSection
	GlobalSection(SolutionProperties) = preSolution
		HideSolutionNode = FALSE
	EndGlobalSection
	GlobalSection(ExtensibilityGlobals) = postSolution
		SolutionGuid = {0EBEE300-F659-4A63-AED2-3BBAFA201B9A}
	EndGlobalSection
EndGlobal
